// !$*UTF8*$!
{
	archiveVersion = 1;
	classes = {
	};
	objectVersion = 50;
	objects = {

/* Begin PBXBuildFile section */
		4829E576C4547479789345BA /* Pods_AliceRxLearning.framework in Frameworks */ = {isa = PBXBuildFile; fileRef = 83FC070DE3946DACDBB8B4B5 /* Pods_AliceRxLearning.framework */; };
		A811D4E0216DD6E60048CA40 /* SayHelloViewController.swift in Sources */ = {isa = PBXBuildFile; fileRef = A811D4DF216DD6E60048CA40 /* SayHelloViewController.swift */; };
		A8809ABF216DDD9D002F3E4B /* DetailViewController.swift in Sources */ = {isa = PBXBuildFile; fileRef = A8809ABE216DDD9D002F3E4B /* DetailViewController.swift */; };
		A8863CC0216CC39300297678 /* AppDelegate.swift in Sources */ = {isa = PBXBuildFile; fileRef = A8863CBF216CC39300297678 /* AppDelegate.swift */; };
		A8863CC2216CC39300297678 /* ViewController.swift in Sources */ = {isa = PBXBuildFile; fileRef = A8863CC1216CC39300297678 /* ViewController.swift */; };
		A8863CC5216CC39300297678 /* Main.storyboard in Resources */ = {isa = PBXBuildFile; fileRef = A8863CC3216CC39300297678 /* Main.storyboard */; };
		A8863CC7216CC39700297678 /* Assets.xcassets in Resources */ = {isa = PBXBuildFile; fileRef = A8863CC6216CC39700297678 /* Assets.xcassets */; };
		A8863CCA216CC39700297678 /* LaunchScreen.storyboard in Resources */ = {isa = PBXBuildFile; fileRef = A8863CC8216CC39700297678 /* LaunchScreen.storyboard */; };
/* End PBXBuildFile section */

/* Begin PBXFileReference section */
		33730BF6F965B9B2CDA1431E /* Pods-AliceRxLearning.debug.xcconfig */ = {isa = PBXFileReference; includeInIndex = 1; lastKnownFileType = text.xcconfig; name = "Pods-AliceRxLearning.debug.xcconfig"; path = "Pods/Target Support Files/Pods-AliceRxLearning/Pods-AliceRxLearning.debug.xcconfig"; sourceTree = "<group>"; };
		83FC070DE3946DACDBB8B4B5 /* Pods_AliceRxLearning.framework */ = {isa = PBXFileReference; explicitFileType = wrapper.framework; includeInIndex = 0; path = Pods_AliceRxLearning.framework; sourceTree = BUILT_PRODUCTS_DIR; };
		A811D4DF216DD6E60048CA40 /* SayHelloViewController.swift */ = {isa = PBXFileReference; lastKnownFileType = sourcecode.swift; path = SayHelloViewController.swift; sourceTree = "<group>"; };
		A8809ABE216DDD9D002F3E4B /* DetailViewController.swift */ = {isa = PBXFileReference; lastKnownFileType = sourcecode.swift; path = DetailViewController.swift; sourceTree = "<group>"; };
		A8863CBC216CC39300297678 /* AliceRxLearning.app */ = {isa = PBXFileReference; explicitFileType = wrapper.application; includeInIndex = 0; path = AliceRxLearning.app; sourceTree = BUILT_PRODUCTS_DIR; };
		A8863CBF216CC39300297678 /* AppDelegate.swift */ = {isa = PBXFileReference; lastKnownFileType = sourcecode.swift; path = AppDelegate.swift; sourceTree = "<group>"; };
		A8863CC1216CC39300297678 /* ViewController.swift */ = {isa = PBXFileReference; lastKnownFileType = sourcecode.swift; path = ViewController.swift; sourceTree = "<group>"; };
		A8863CC4216CC39300297678 /* Base */ = {isa = PBXFileReference; lastKnownFileType = file.storyboard; name = Base; path = Base.lproj/Main.storyboard; sourceTree = "<group>"; };
		A8863CC6216CC39700297678 /* Assets.xcassets */ = {isa = PBXFileReference; lastKnownFileType = folder.assetcatalog; path = Assets.xcassets; sourceTree = "<group>"; };
		A8863CC9216CC39700297678 /* Base */ = {isa = PBXFileReference; lastKnownFileType = file.storyboard; name = Base; path = Base.lproj/LaunchScreen.storyboard; sourceTree = "<group>"; };
		A8863CCB216CC39700297678 /* Info.plist */ = {isa = PBXFileReference; lastKnownFileType = text.plist.xml; path = Info.plist; sourceTree = "<group>"; };
		DB6A84751C97DF84DFD309AD /* Pods-AliceRxLearning.release.xcconfig */ = {isa = PBXFileReference; includeInIndex = 1; lastKnownFileType = text.xcconfig; name = "Pods-AliceRxLearning.release.xcconfig"; path = "Pods/Target Support Files/Pods-AliceRxLearning/Pods-AliceRxLearning.release.xcconfig"; sourceTree = "<group>"; };
/* End PBXFileReference section */

/* Begin PBXFrameworksBuildPhase section */
		A8863CB9216CC39300297678 /* Frameworks */ = {
			isa = PBXFrameworksBuildPhase;
			buildActionMask = 2147483647;
			files = (
				4829E576C4547479789345BA /* Pods_AliceRxLearning.framework in Frameworks */,
			);
			runOnlyForDeploymentPostprocessing = 0;
		};
/* End PBXFrameworksBuildPhase section */

/* Begin PBXGroup section */
		34797781B20ED3A08BFE7A5C /* Pods */ = {
			isa = PBXGroup;
			children = (
				33730BF6F965B9B2CDA1431E /* Pods-AliceRxLearning.debug.xcconfig */,
				DB6A84751C97DF84DFD309AD /* Pods-AliceRxLearning.release.xcconfig */,
			);
			name = Pods;
			sourceTree = "<group>";
		};
		A8863CB3216CC39300297678 = {
			isa = PBXGroup;
			children = (
				A8863CBE216CC39300297678 /* AliceRxLearning */,
				A8863CBD216CC39300297678 /* Products */,
				34797781B20ED3A08BFE7A5C /* Pods */,
				B7871F30793E9FB40A469835 /* Frameworks */,
			);
			sourceTree = "<group>";
		};
		A8863CBD216CC39300297678 /* Products */ = {
			isa = PBXGroup;
			children = (
				A8863CBC216CC39300297678 /* AliceRxLearning.app */,
			);
			name = Products;
			sourceTree = "<group>";
		};
		A8863CBE216CC39300297678 /* AliceRxLearning */ = {
			isa = PBXGroup;
			children = (
				A8863CBF216CC39300297678 /* AppDelegate.swift */,
				A8863CC1216CC39300297678 /* ViewController.swift */,
				A811D4DF216DD6E60048CA40 /* SayHelloViewController.swift */,
				A8809ABE216DDD9D002F3E4B /* DetailViewController.swift */,
				A8863CC3216CC39300297678 /* Main.storyboard */,
				A8863CC6216CC39700297678 /* Assets.xcassets */,
				A8863CC8216CC39700297678 /* LaunchScreen.storyboard */,
				A8863CCB216CC39700297678 /* Info.plist */,
			);
			path = AliceRxLearning;
			sourceTree = "<group>";
		};
		B7871F30793E9FB40A469835 /* Frameworks */ = {
			isa = PBXGroup;
			children = (
				83FC070DE3946DACDBB8B4B5 /* Pods_AliceRxLearning.framework */,
			);
			name = Frameworks;
			sourceTree = "<group>";
		};
/* End PBXGroup section */

/* Begin PBXNativeTarget section */
		A8863CBB216CC39300297678 /* AliceRxLearning */ = {
			isa = PBXNativeTarget;
			buildConfigurationList = A8863CCE216CC39700297678 /* Build configuration list for PBXNativeTarget "AliceRxLearning" */;
			buildPhases = (
				1EC38D10F289C577101AF49A /* [CP] Check Pods Manifest.lock */,
				A8863CB8216CC39300297678 /* Sources */,
				A8863CB9216CC39300297678 /* Frameworks */,
				A8863CBA216CC39300297678 /* Resources */,
				3163220C7BA6888575F56F1B /* [CP] Embed Pods Frameworks */,
			);
			buildRules = (
			);
			dependencies = (
			);
			name = AliceRxLearning;
			productName = AliceRxLearning;
			productReference = A8863CBC216CC39300297678 /* AliceRxLearning.app */;
			productType = "com.apple.product-type.application";
		};
/* End PBXNativeTarget section */

/* Begin PBXProject section */
		A8863CB4216CC39300297678 /* Project object */ = {
			isa = PBXProject;
			attributes = {
				LastSwiftUpdateCheck = 0940;
				LastUpgradeCheck = 0940;
				ORGANIZATIONNAME = "alice singh";
				TargetAttributes = {
					A8863CBB216CC39300297678 = {
						CreatedOnToolsVersion = 9.4.1;
					};
				};
			};
			buildConfigurationList = A8863CB7216CC39300297678 /* Build configuration list for PBXProject "AliceRxLearning" */;
			compatibilityVersion = "Xcode 9.3";
			developmentRegion = en;
			hasScannedForEncodings = 0;
			knownRegions = (
				en,
				Base,
			);
			mainGroup = A8863CB3216CC39300297678;
			productRefGroup = A8863CBD216CC39300297678 /* Products */;
			projectDirPath = "";
			projectRoot = "";
			targets = (
				A8863CBB216CC39300297678 /* AliceRxLearning */,
			);
		};
/* End PBXProject section */

/* Begin PBXResourcesBuildPhase section */
		A8863CBA216CC39300297678 /* Resources */ = {
			isa = PBXResourcesBuildPhase;
			buildActionMask = 2147483647;
			files = (
				A8863CCA216CC39700297678 /* LaunchScreen.storyboard in Resources */,
				A8863CC7216CC39700297678 /* Assets.xcassets in Resources */,
				A8863CC5216CC39300297678 /* Main.storyboard in Resources */,
			);
			runOnlyForDeploymentPostprocessing = 0;
		};
/* End PBXResourcesBuildPhase section */

/* Begin PBXShellScriptBuildPhase section */
		1EC38D10F289C577101AF49A /* [CP] Check Pods Manifest.lock */ = {
			isa = PBXShellScriptBuildPhase;
			buildActionMask = 2147483647;
			files = (
			);
			inputPaths = (
				"${PODS_PODFILE_DIR_PATH}/Podfile.lock",
				"${PODS_ROOT}/Manifest.lock",
			);
			name = "[CP] Check Pods Manifest.lock";
			outputPaths = (
				"$(DERIVED_FILE_DIR)/Pods-AliceRxLearning-checkManifestLockResult.txt",
			);
			runOnlyForDeploymentPostprocessing = 0;
			shellPath = /bin/sh;
			shellScript = "diff \"${PODS_PODFILE_DIR_PATH}/Podfile.lock\" \"${PODS_ROOT}/Manifest.lock\" > /dev/null\nif [ $? != 0 ] ; then\n    # print error to STDERR\n    echo \"error: The sandbox is not in sync with the Podfile.lock. Run 'pod install' or update your CocoaPods installation.\" >&2\n    exit 1\nfi\n# This output is used by Xcode 'outputs' to avoid re-running this script phase.\necho \"SUCCESS\" > \"${SCRIPT_OUTPUT_FILE_0}\"\n";
			showEnvVarsInLog = 0;
		};
		3163220C7BA6888575F56F1B /* [CP] Embed Pods Frameworks */ = {
			isa = PBXShellScriptBuildPhase;
			buildActionMask = 2147483647;
			files = (
			);
			inputPaths = (
				"${SRCROOT}/Pods/Target Support Files/Pods-AliceRxLearning/Pods-AliceRxLearning-frameworks.sh",
				"${BUILT_PRODUCTS_DIR}/ChameleonFramework/ChameleonFramework.framework",
				"${BUILT_PRODUCTS_DIR}/RxCocoa/RxCocoa.framework",
				"${BUILT_PRODUCTS_DIR}/RxSwift/RxSwift.framework",
				"${BUILT_PRODUCTS_DIR}/SnapKit/SnapKit.framework",
			);
			name = "[CP] Embed Pods Frameworks";
			outputPaths = (
				"${TARGET_BUILD_DIR}/${FRAMEWORKS_FOLDER_PATH}/ChameleonFramework.framework",
				"${TARGET_BUILD_DIR}/${FRAMEWORKS_FOLDER_PATH}/RxCocoa.framework",
				"${TARGET_BUILD_DIR}/${FRAMEWORKS_FOLDER_PATH}/RxSwift.framework",
				"${TARGET_BUILD_DIR}/${FRAMEWORKS_FOLDER_PATH}/SnapKit.framework",
			);
			runOnlyForDeploymentPostprocessing = 0;
			shellPath = /bin/sh;
			shellScript = "\"${SRCROOT}/Pods/Target Support Files/Pods-AliceRxLearning/Pods-AliceRxLearning-frameworks.sh\"\n";
			showEnvVarsInLog = 0;
		};
/* End PBXShellScriptBuildPhase section */

/* Begin PBXSourcesBuildPhase section */
		A8863CB8216CC39300297678 /* Sources */ = {
			isa = PBXSourcesBuildPhase;
			buildActionMask = 2147483647;
			files = (
				A8863CC2216CC39300297678 /* ViewController.swift in Sources */,
				A8863CC0216CC39300297678 /* AppDelegate.swift in Sources */,
				A811D4E0216DD6E60048CA40 /* SayHelloViewController.swift in Sources */,
				A8809ABF216DDD9D002F3E4B /* DetailViewController.swift in Sources */,
			);
			runOnlyForDeploymentPostprocessing = 0;
		};
/* End PBXSourcesBuildPhase section */

/* Begin PBXVariantGroup section */
		A8863CC3216CC39300297678 /* Main.storyboard */ = {
			isa = PBXVariantGroup;
			children = (
				A8863CC4216CC39300297678 /* Base */,
			);
			name = Main.storyboard;
			sourceTree = "<group>";
		};
		A8863CC8216CC39700297678 /* LaunchScreen.storyboard */ = {
			isa = PBXVariantGroup;
			children = (
				A8863CC9216CC39700297678 /* Base */,
			);
			name = LaunchScreen.storyboard;
			sourceTree = "<group>";
		};
/* End PBXVariantGroup section */

/* Begin XCBuildConfiguration section */
		A8863CCC216CC39700297678 /* Debug */ = {
			isa = XCBuildConfiguration;
			buildSettings = {
				ALWAYS_SEARCH_USER_PATHS = NO;
				CLANG_ANALYZER_NONNULL = YES;
				CLANG_ANALYZER_NUMBER_OBJECT_CONVERSION = YES_AGGRESSIVE;
				CLANG_CXX_LANGUAGE_STANDARD = "gnu++14";
				CLANG_CXX_LIBRARY = "libc++";
				CLANG_ENABLE_MODULES = YES;
				CLANG_ENABLE_OBJC_ARC = YES;
				CLANG_ENABLE_OBJC_WEAK = YES;
				CLANG_WARN_BLOCK_CAPTURE_AUTORELEASING = YES;
				CLANG_WARN_BOOL_CONVERSION = YES;
				CLANG_WARN_COMMA = YES;
				CLANG_WARN_CONSTANT_CONVERSION = YES;
				CLANG_WARN_DEPRECATED_OBJC_IMPLEMENTATIONS = YES;
				CLANG_WARN_DIRECT_OBJC_ISA_USAGE = YES_ERROR;
				CLANG_WARN_DOCUMENTATION_COMMENTS = YES;
				CLANG_WARN_EMPTY_BODY = YES;
				CLANG_WARN_ENUM_CONVERSION = YES;
				CLANG_WARN_INFINITE_RECURSION = YES;
				CLANG_WARN_INT_CONVERSION = YES;
				CLANG_WARN_NON_LITERAL_NULL_CONVERSION = YES;
				CLANG_WARN_OBJC_IMPLICIT_RETAIN_SELF = YES;
				CLANG_WARN_OBJC_LITERAL_CONVERSION = YES;
				CLANG_WARN_OBJC_ROOT_CLASS = YES_ERROR;
				CLANG_WARN_RANGE_LOOP_ANALYSIS = YES;
				CLANG_WARN_STRICT_PROTOTYPES = YES;
				CLANG_WARN_SUSPICIOUS_MOVE = YES;
				CLANG_WARN_UNGUARDED_AVAILABILITY = YES_AGGRESSIVE;
				CLANG_WARN_UNREACHABLE_CODE = YES;
				CLANG_WARN__DUPLICATE_METHOD_MATCH = YES;
				CODE_SIGN_IDENTITY = "iPhone Developer";
				COPY_PHASE_STRIP = NO;
				DEBUG_INFORMATION_FORMAT = dwarf;
				ENABLE_STRICT_OBJC_MSGSEND = YES;
				ENABLE_TESTABILITY = YES;
				GCC_C_LANGUAGE_STANDARD = gnu11;
				GCC_DYNAMIC_NO_PIC = NO;
				GCC_NO_COMMON_BLOCKS = YES;
				GCC_OPTIMIZATION_LEVEL = 0;
				GCC_PREPROCESSOR_DEFINITIONS = (
					"DEBUG=1",
					"$(inherited)",
				);
				GCC_WARN_64_TO_32_BIT_CONVERSION = YES;
				GCC_WARN_ABOUT_RETURN_TYPE = YES_ERROR;
				GCC_WARN_UNDECLARED_SELECTOR = YES;
				GCC_WARN_UNINITIALIZED_AUTOS = YES_AGGRESSIVE;
				GCC_WARN_UNUSED_FUNCTION = YES;
				GCC_WARN_UNUSED_VARIABLE = YES;
				IPHONEOS_DEPLOYMENT_TARGET = 11.4;
				MTL_ENABLE_DEBUG_INFO = YES;
				ONLY_ACTIVE_ARCH = YES;
				SDKROOT = iphoneos;
				SWIFT_ACTIVE_COMPILATION_CONDITIONS = DEBUG;
				SWIFT_OPTIMIZATION_LEVEL = "-Onone";
			};
			name = Debug;
		};
		A8863CCD216CC39700297678 /* Release */ = {
			isa = XCBuildConfiguration;
			buildSettings = {
				ALWAYS_SEARCH_USER_PATHS = NO;
				CLANG_ANALYZER_NONNULL = YES;
				CLANG_ANALYZER_NUMBER_OBJECT_CONVERSION = YES_AGGRESSIVE;
				CLANG_CXX_LANGUAGE_STANDARD = "gnu++14";
				CLANG_CXX_LIBRARY = "libc++";
				CLANG_ENABLE_MODULES = YES;
				CLANG_ENABLE_OBJC_ARC = YES;
				CLANG_ENABLE_OBJC_WEAK = YES;
				CLANG_WARN_BLOCK_CAPTURE_AUTORELEASING = YES;
				CLANG_WARN_BOOL_CONVERSION = YES;
				CLANG_WARN_COMMA = YES;
				CLANG_WARN_CONSTANT_CONVERSION = YES;
				CLANG_WARN_DEPRECATED_OBJC_IMPLEMENTATIONS = YES;
				CLANG_WARN_DIRECT_OBJC_ISA_USAGE = YES_ERROR;
				CLANG_WARN_DOCUMENTATION_COMMENTS = YES;
				CLANG_WARN_EMPTY_BODY = YES;
				CLANG_WARN_ENUM_CONVERSION = YES;
				CLANG_WARN_INFINITE_RECURSION = YES;
				CLANG_WARN_INT_CONVERSION = YES;
				CLANG_WARN_NON_LITERAL_NULL_CONVERSION = YES;
				CLANG_WARN_OBJC_IMPLICIT_RETAIN_SELF = YES;
				CLANG_WARN_OBJC_LITERAL_CONVERSION = YES;
				CLANG_WARN_OBJC_ROOT_CLASS = YES_ERROR;
				CLANG_WARN_RANGE_LOOP_ANALYSIS = YES;
				CLANG_WARN_STRICT_PROTOTYPES = YES;
				CLANG_WARN_SUSPICIOUS_MOVE = YES;
				CLANG_WARN_UNGUARDED_AVAILABILITY = YES_AGGRESSIVE;
				CLANG_WARN_UNREACHABLE_CODE = YES;
				CLANG_WARN__DUPLICATE_METHOD_MATCH = YES;
				CODE_SIGN_IDENTITY = "iPhone Developer";
				COPY_PHASE_STRIP = NO;
				DEBUG_INFORMATION_FORMAT = "dwarf-with-dsym";
				ENABLE_NS_ASSERTIONS = NO;
				ENABLE_STRICT_OBJC_MSGSEND = YES;
				GCC_C_LANGUAGE_STANDARD = gnu11;
				GCC_NO_COMMON_BLOCKS = YES;
				GCC_WARN_64_TO_32_BIT_CONVERSION = YES;
				GCC_WARN_ABOUT_RETURN_TYPE = YES_ERROR;
				GCC_WARN_UNDECLARED_SELECTOR = YES;
				GCC_WARN_UNINITIALIZED_AUTOS = YES_AGGRESSIVE;
				GCC_WARN_UNUSED_FUNCTION = YES;
				GCC_WARN_UNUSED_VARIABLE = YES;
				IPHONEOS_DEPLOYMENT_TARGET = 11.4;
				MTL_ENABLE_DEBUG_INFO = NO;
				SDKROOT = iphoneos;
				SWIFT_COMPILATION_MODE = wholemodule;
				SWIFT_OPTIMIZATION_LEVEL = "-O";
				VALIDATE_PRODUCT = YES;
			};
			name = Release;
		};
		A8863CCF216CC39700297678 /* Debug */ = {
			isa = XCBuildConfiguration;
			baseConfigurationReference = 33730BF6F965B9B2CDA1431E /* Pods-AliceRxLearning.debug.xcconfig */;
			buildSettings = {
				ASSETCATALOG_COMPILER_APPICON_NAME = AppIcon;
				CODE_SIGN_STYLE = Automatic;
				DEVELOPMENT_TEAM = 53D6SDG83P;
				INFOPLIST_FILE = AliceRxLearning/Info.plist;
				LD_RUNPATH_SEARCH_PATHS = (
					"$(inherited)",
					"@executable_path/Frameworks",
				);
				PRODUCT_BUNDLE_IDENTIFIER = com.alice.AliceRxLearning;
				PRODUCT_NAME = "$(TARGET_NAME)";
				SWIFT_VERSION = 4.0;
				TARGETED_DEVICE_FAMILY = "1,2";
			};
			name = Debug;
		};
		A8863CD0216CC39700297678 /* Release */ = {
			isa = XCBuildConfiguration;
			baseConfigurationReference = DB6A84751C97DF84DFD309AD /* Pods-AliceRxLearning.release.xcconfig */;
			buildSettings = {
				ASSETCATALOG_COMPILER_APPICON_NAME = AppIcon;
				CODE_SIGN_STYLE = Automatic;
				DEVELOPMENT_TEAM = 53D6SDG83P;
				INFOPLIST_FILE = AliceRxLearning/Info.plist;
				LD_RUNPATH_SEARCH_PATHS = (
					"$(inherited)",
					"@executable_path/Frameworks",
				);
				PRODUCT_BUNDLE_IDENTIFIER = com.alice.AliceRxLearning;
				PRODUCT_NAME = "$(TARGET_NAME)";
				SWIFT_VERSION = 4.0;
				TARGETED_DEVICE_FAMILY = "1,2";
			};
			name = Release;
		};
/* End XCBuildConfiguration section */

/* Begin XCConfigurationList section */
		A8863CB7216CC39300297678 /* Build configuration list for PBXProject "AliceRxLearning" */ = {
			isa = XCConfigurationList;
			buildConfigurations = (
				A8863CCC216CC39700297678 /* Debug */,
				A8863CCD216CC39700297678 /* Release */,
			);
			defaultConfigurationIsVisible = 0;
			defaultConfigurationName = Release;
		};
		A8863CCE216CC39700297678 /* Build configuration list for PBXNativeTarget "AliceRxLearning" */ = {
			isa = XCConfigurationList;
			buildConfigurations = (
				A8863CCF216CC39700297678 /* Debug */,
				A8863CD0216CC39700297678 /* Release */,
			);
			defaultConfigurationIsVisible = 0;
			defaultConfigurationName = Release;
		};
/* End XCConfigurationList section */
	};
	rootObject = A8863CB4216CC39300297678 /* Project object */;
}
